
Microsoft Visual Studio Solution File, Format Version 12.00
# Visual Studio Version 16
VisualStudioVersion = 16.0.31702.278
MinimumVisualStudioVersion = 10.0.40219.1
Project("{8BC9CEB8-8B4A-11D0-8D11-00A0C91BC942}") = "StructureProj", "StructureProj\StructureProj.vcxproj", "{39290D67-4EDE-4102-8E65-4C12E3A6E972}"
EndProject
Global
	GlobalSection(SolutionConfigurationPlatforms) = preSolution
		Debug|x64 = Debug|x64
		Debug|x86 = Debug|x86
		Release|x64 = Release|x64
		Release|x86 = Release|x86
	EndGlobalSection
	GlobalSection(ProjectConfigurationPlatforms) = postSolution
		{39290D67-4EDE-4102-8E65-4C12E3A6E972}.Debug|x64.ActiveCfg = Debug|x64
		{39290D67-4EDE-4102-8E65-4C12E3A6E972}.Debug|x64.Build.0 = Debug|x64
		{39290D67-4EDE-4102-8E65-4C12E3A6E972}.Debug|x86.ActiveCfg = Debug|Win32
		{39290D67-4EDE-4102-8E65-4C12E3A6E972}.Debug|x86.Build.0 = Debug|Win32
		{39290D67-4EDE-4102-8E65-4C12E3A6E972}.Release|x64.ActiveCfg = Release|x64
		{39290D67-4EDE-4102-8E65-4C12E3A6E972}.Release|x64.Build.0 = Release|x64
		{39290D67-4EDE-4102-8E65-4C12E3A6E972}.Release|x86.ActiveCfg = Release|Win32
		{39290D67-4EDE-4102-8E65-4C12E3A6E972}.Release|x86.Build.0 = Release|Win32
	EndGlobalSection
	GlobalSection(SolutionProperties) = preSolution
		HideSolutionNode = FALSE
	EndGlobalSection
	GlobalSection(ExtensibilityGlobals) = postSolution
		SolutionGuid = {4EBA5AB3-36C5-49E4-A922-AE729B79454F}
	EndGlobalSection
EndGlobal
