
Microsoft Visual Studio Solution File, Format Version 12.00
# Visual Studio Version 16
VisualStudioVersion = 16.0.31702.278
MinimumVisualStudioVersion = 10.0.40219.1
Project("{8BC9CEB8-8B4A-11D0-8D11-00A0C91BC942}") = "loopEx", "loopEx\loopEx.vcxproj", "{64CB712B-49B8-4834-8054-21A48B4AB3D3}"
EndProject
Global
	GlobalSection(SolutionConfigurationPlatforms) = preSolution
		Debug|x64 = Debug|x64
		Debug|x86 = Debug|x86
		Release|x64 = Release|x64
		Release|x86 = Release|x86
	EndGlobalSection
	GlobalSection(ProjectConfigurationPlatforms) = postSolution
		{64CB712B-49B8-4834-8054-21A48B4AB3D3}.Debug|x64.ActiveCfg = Debug|x64
		{64CB712B-49B8-4834-8054-21A48B4AB3D3}.Debug|x64.Build.0 = Debug|x64
		{64CB712B-49B8-4834-8054-21A48B4AB3D3}.Debug|x86.ActiveCfg = Debug|Win32
		{64CB712B-49B8-4834-8054-21A48B4AB3D3}.Debug|x86.Build.0 = Debug|Win32
		{64CB712B-49B8-4834-8054-21A48B4AB3D3}.Release|x64.ActiveCfg = Release|x64
		{64CB712B-49B8-4834-8054-21A48B4AB3D3}.Release|x64.Build.0 = Release|x64
		{64CB712B-49B8-4834-8054-21A48B4AB3D3}.Release|x86.ActiveCfg = Release|Win32
		{64CB712B-49B8-4834-8054-21A48B4AB3D3}.Release|x86.Build.0 = Release|Win32
	EndGlobalSection
	GlobalSection(SolutionProperties) = preSolution
		HideSolutionNode = FALSE
	EndGlobalSection
	GlobalSection(ExtensibilityGlobals) = postSolution
		SolutionGuid = {8E1866A1-4363-46A7-BC9B-11ED766777F7}
	EndGlobalSection
EndGlobal
